
Microsoft Visual Studio Solution File, Format Version 12.00
# Visual Studio 15
Project("{FAE04EC0-301F-11D3-BF4B-00C04F79EFBC}") = "Assembly-CSharp", "Assembly-CSharp.csproj", "{B34087FC-D7EA-B1FF-AD86-0DF28A75E8BE}"
EndProject
Project("{FAE04EC0-301F-11D3-BF4B-00C04F79EFBC}") = "Unity.2D.Tilemap.Extras", "Unity.2D.Tilemap.Extras.csproj", "{08164016-D9E5-BA51-9341-E6B169E2AD89}"
EndProject
Project("{FAE04EC0-301F-11D3-BF4B-00C04F79EFBC}") = "NavMeshComponents", "NavMeshComponents.csproj", "{412CF528-995A-9B54-B3CC-2E011161F214}"
EndProject
Project("{FAE04EC0-301F-11D3-BF4B-00C04F79EFBC}") = "Unity.2D.Tilemap.Extras.Editor", "Unity.2D.Tilemap.Extras.Editor.csproj", "{B649BC08-94ED-8EED-3BB3-F2A35812407F}"
EndProject
Project("{FAE04EC0-301F-11D3-BF4B-00C04F79EFBC}") = "NavMeshComponentsEditor", "NavMeshComponentsEditor.csproj", "{6DA54167-9306-0D4F-4332-19C97EDAA620}"
EndProject
Project("{FAE04EC0-301F-11D3-BF4B-00C04F79EFBC}") = "Unity.2D.Tilemap.Extras.Placeholder.EditorTests", "Unity.2D.Tilemap.Extras.Placeholder.EditorTests.csproj", "{2FD037AB-D1E6-718D-6D38-BA4D08942A4B}"
EndProject
Global
	GlobalSection(SolutionConfigurationPlatforms) = preSolution
		Debug|Any CPU = Debug|Any CPU
		Release|Any CPU = Release|Any CPU
	EndGlobalSection
	GlobalSection(ProjectConfigurationPlatforms) = postSolution
		{B34087FC-D7EA-B1FF-AD86-0DF28A75E8BE}.Debug|Any CPU.ActiveCfg = Debug|Any CPU
		{B34087FC-D7EA-B1FF-AD86-0DF28A75E8BE}.Debug|Any CPU.Build.0 = Debug|Any CPU
		{B34087FC-D7EA-B1FF-AD86-0DF28A75E8BE}.Release|Any CPU.ActiveCfg = Release|Any CPU
		{B34087FC-D7EA-B1FF-AD86-0DF28A75E8BE}.Release|Any CPU.Build.0 = Release|Any CPU
		{08164016-D9E5-BA51-9341-E6B169E2AD89}.Debug|Any CPU.ActiveCfg = Debug|Any CPU
		{08164016-D9E5-BA51-9341-E6B169E2AD89}.Debug|Any CPU.Build.0 = Debug|Any CPU
		{08164016-D9E5-BA51-9341-E6B169E2AD89}.Release|Any CPU.ActiveCfg = Release|Any CPU
		{08164016-D9E5-BA51-9341-E6B169E2AD89}.Release|Any CPU.Build.0 = Release|Any CPU
		{412CF528-995A-9B54-B3CC-2E011161F214}.Debug|Any CPU.ActiveCfg = Debug|Any CPU
		{412CF528-995A-9B54-B3CC-2E011161F214}.Debug|Any CPU.Build.0 = Debug|Any CPU
		{412CF528-995A-9B54-B3CC-2E011161F214}.Release|Any CPU.ActiveCfg = Release|Any CPU
		{412CF528-995A-9B54-B3CC-2E011161F214}.Release|Any CPU.Build.0 = Release|Any CPU
		{B649BC08-94ED-8EED-3BB3-F2A35812407F}.Debug|Any CPU.ActiveCfg = Debug|Any CPU
		{B649BC08-94ED-8EED-3BB3-F2A35812407F}.Debug|Any CPU.Build.0 = Debug|Any CPU
		{B649BC08-94ED-8EED-3BB3-F2A35812407F}.Release|Any CPU.ActiveCfg = Release|Any CPU
		{B649BC08-94ED-8EED-3BB3-F2A35812407F}.Release|Any CPU.Build.0 = Release|Any CPU
		{6DA54167-9306-0D4F-4332-19C97EDAA620}.Debug|Any CPU.ActiveCfg = Debug|Any CPU
		{6DA54167-9306-0D4F-4332-19C97EDAA620}.Debug|Any CPU.Build.0 = Debug|Any CPU
		{6DA54167-9306-0D4F-4332-19C97EDAA620}.Release|Any CPU.ActiveCfg = Release|Any CPU
		{6DA54167-9306-0D4F-4332-19C97EDAA620}.Release|Any CPU.Build.0 = Release|Any CPU
		{2FD037AB-D1E6-718D-6D38-BA4D08942A4B}.Debug|Any CPU.ActiveCfg = Debug|Any CPU
		{2FD037AB-D1E6-718D-6D38-BA4D08942A4B}.Debug|Any CPU.Build.0 = Debug|Any CPU
		{2FD037AB-D1E6-718D-6D38-BA4D08942A4B}.Release|Any CPU.ActiveCfg = Release|Any CPU
		{2FD037AB-D1E6-718D-6D38-BA4D08942A4B}.Release|Any CPU.Build.0 = Release|Any CPU
	EndGlobalSection
	GlobalSection(SolutionProperties) = preSolution
		HideSolutionNode = FALSE
	EndGlobalSection
EndGlobal
